
Microsoft Visual Studio Solution File, Format Version 12.00
# Visual Studio Version 17
VisualStudioVersion = 17.7.34003.232
MinimumVisualStudioVersion = 10.0.40219.1
Project("{888888A0-9F3D-457C-B088-3A5042F75D52}") = "SwitchStatus", "SwitchStatus.pyproj", "{CA3EB8C7-F2EF-462B-9AE9-E5F6218A87E5}"
EndProject
Global
	GlobalSection(SolutionConfigurationPlatforms) = preSolution
		Debug|Any CPU = Debug|Any CPU
		Release|Any CPU = Release|Any CPU
	EndGlobalSection
	GlobalSection(ProjectConfigurationPlatforms) = postSolution
		{CA3EB8C7-F2EF-462B-9AE9-E5F6218A87E5}.Debug|Any CPU.ActiveCfg = Debug|Any CPU
		{CA3EB8C7-F2EF-462B-9AE9-E5F6218A87E5}.Release|Any CPU.ActiveCfg = Release|Any CPU
	EndGlobalSection
	GlobalSection(SolutionProperties) = preSolution
		HideSolutionNode = FALSE
	EndGlobalSection
	GlobalSection(ExtensibilityGlobals) = postSolution
		SolutionGuid = {AC190C4A-27B1-4DDE-87EA-B8A6ACD26578}
	EndGlobalSection
EndGlobal
